
Microsoft Visual Studio Solution File, Format Version 12.00
# Visual Studio Version 17
VisualStudioVersion = 17.8.34525.116
MinimumVisualStudioVersion = 10.0.40219.1
Project("{FAE04EC0-301F-11D3-BF4B-00C04F79EFBC}") = "Quiz_Master_File_DB", "Quiz_Master_File_DB.csproj", "{B161A6D3-B487-45F2-9B33-7CB4EF766349}"
EndProject
Project("{FAE04EC0-301F-11D3-BF4B-00C04F79EFBC}") = "Quiz_Master_Game_Play", "..\Quiz_Master_Game_Play\Quiz_Master_Game_Play.csproj", "{22D1110F-4F73-4733-AAA2-3A8CEE4FE93B}"
EndProject
Project("{FAE04EC0-301F-11D3-BF4B-00C04F79EFBC}") = "File_DB", "..\File_DB\File_DB.csproj", "{C77EA788-8C26-4A0A-9D25-7215D8B87B95}"
EndProject
Project("{FAE04EC0-301F-11D3-BF4B-00C04F79EFBC}") = "Common", "..\Global\Common.csproj", "{8BF76A17-B096-4B8F-A8B8-B132DB0BE1C8}"
EndProject
Global
	GlobalSection(SolutionConfigurationPlatforms) = preSolution
		Debug|Any CPU = Debug|Any CPU
		Release|Any CPU = Release|Any CPU
	EndGlobalSection
	GlobalSection(ProjectConfigurationPlatforms) = postSolution
		{B161A6D3-B487-45F2-9B33-7CB4EF766349}.Debug|Any CPU.ActiveCfg = Debug|Any CPU
		{B161A6D3-B487-45F2-9B33-7CB4EF766349}.Debug|Any CPU.Build.0 = Debug|Any CPU
		{B161A6D3-B487-45F2-9B33-7CB4EF766349}.Release|Any CPU.ActiveCfg = Release|Any CPU
		{B161A6D3-B487-45F2-9B33-7CB4EF766349}.Release|Any CPU.Build.0 = Release|Any CPU
		{22D1110F-4F73-4733-AAA2-3A8CEE4FE93B}.Debug|Any CPU.ActiveCfg = Debug|Any CPU
		{22D1110F-4F73-4733-AAA2-3A8CEE4FE93B}.Debug|Any CPU.Build.0 = Debug|Any CPU
		{22D1110F-4F73-4733-AAA2-3A8CEE4FE93B}.Release|Any CPU.ActiveCfg = Release|Any CPU
		{22D1110F-4F73-4733-AAA2-3A8CEE4FE93B}.Release|Any CPU.Build.0 = Release|Any CPU
		{C77EA788-8C26-4A0A-9D25-7215D8B87B95}.Debug|Any CPU.ActiveCfg = Debug|Any CPU
		{C77EA788-8C26-4A0A-9D25-7215D8B87B95}.Debug|Any CPU.Build.0 = Debug|Any CPU
		{C77EA788-8C26-4A0A-9D25-7215D8B87B95}.Release|Any CPU.ActiveCfg = Release|Any CPU
		{C77EA788-8C26-4A0A-9D25-7215D8B87B95}.Release|Any CPU.Build.0 = Release|Any CPU
		{8BF76A17-B096-4B8F-A8B8-B132DB0BE1C8}.Debug|Any CPU.ActiveCfg = Debug|Any CPU
		{8BF76A17-B096-4B8F-A8B8-B132DB0BE1C8}.Debug|Any CPU.Build.0 = Debug|Any CPU
		{8BF76A17-B096-4B8F-A8B8-B132DB0BE1C8}.Release|Any CPU.ActiveCfg = Release|Any CPU
		{8BF76A17-B096-4B8F-A8B8-B132DB0BE1C8}.Release|Any CPU.Build.0 = Release|Any CPU
	EndGlobalSection
	GlobalSection(SolutionProperties) = preSolution
		HideSolutionNode = FALSE
	EndGlobalSection
	GlobalSection(ExtensibilityGlobals) = postSolution
		SolutionGuid = {9FFD4B89-4B16-4826-AFD0-454CAD3C0CDE}
	EndGlobalSection
EndGlobal
